# THIS IS AN AUTOGENERATED FILE. DO NOT EDIT THIS FILE DIRECTLY.
# yarn lockfile v1


tonal-array@^2.2.2:
  version "2.2.2"
  resolved "https://registry.yarnpkg.com/tonal-array/-/tonal-array-2.2.2.tgz#809e2723cebf5c16eef575a7f4bdaaf07499abe4"
  integrity sha512-h6YIq20L0EEU4EsDoKHAjl5kD2EQn467VfV79QHAuybvNCJpqqRNsQ3QNvoQyir1BgDXaDUIN9FEmQJNiaaCKA==
  dependencies:
    tonal-note "^2.2.2"

tonal-chord@^2.2.2:
  version "2.2.2"
  resolved "https://registry.yarnpkg.com/tonal-chord/-/tonal-chord-2.2.2.tgz#a9868f3deb2a16d3fac3794158709d46a1c8778f"
  integrity sha512-gOIXapi6Gx3ISRKdEJKEQjhDBiwjhaalyWSrN5rijGrSyyFFNZ+EVOfzcqLtnVAF9BgeO9Ca0eXCor3XpHdEJg==
  dependencies:
    tonal-dictionary "^2.2.2"
    tonal-distance "^2.2.2"
    tonal-note "^2.2.2"
    tonal-pcset "^2.2.2"

tonal-dictionary@^2.2.2:
  version "2.2.2"
  resolved "https://registry.yarnpkg.com/tonal-dictionary/-/tonal-dictionary-2.2.2.tgz#54bc92ee07680d9c96597f2d7b1b1fbe87574a13"
  integrity sha512-283ppJl/0lohhlVPMI6t5C6XwaP5Wx0egu9qfG9TLCT2tn4pRwYpXkzGufd9icvkJTgOylOum3+RxWmywUIPIg==
  dependencies:
    tonal-array "^2.2.2"
    tonal-note "^2.2.2"
    tonal-pcset "^2.2.2"

tonal-distance@^2.2.2:
  version "2.2.2"
  resolved "https://registry.yarnpkg.com/tonal-distance/-/tonal-distance-2.2.2.tgz#a9dcffc6d0a559d683c2f84c7b7f0fa3cd240e49"
  integrity sha512-ktA6OapCxaetXJb/JuXD5QwfyB7/G3y3ONby7Kkbezyffc57cnNfjdhlTR9XBR7eSFIY/J1KuhLwMx/qrffT4g==
  dependencies:
    tonal-interval "^2.2.2"
    tonal-note "^2.2.2"

tonal-interval@^2.2.2:
  version "2.2.2"
  resolved "https://registry.yarnpkg.com/tonal-interval/-/tonal-interval-2.2.2.tgz#fe7058ace9c7e80d910a7b60d1d55a27950f0f5d"
  integrity sha512-lrtDU8lH5IAX7YE63OhGGDRpVb4OoGxaN0wDu5XC3sUhXBwjSgNYpHY2D9JI2aWQ/Er9jhQbnw9b0ffkLy34+Q==

tonal-key@^2.2.2:
  version "2.2.2"
  resolved "https://registry.yarnpkg.com/tonal-key/-/tonal-key-2.2.2.tgz#5ccbdff0e517fc50e85427cab4bd955abbad8778"
  integrity sha512-KIc0b8yPl2ATDxF/65P52tIIempNsAQrug0idpD0zFvs5F5cb1hp7Rh7JJ4gECwC/6a3Hgdd1jomI+TnJ7K98w==
  dependencies:
    tonal-array "^2.2.2"
    tonal-distance "^2.2.2"
    tonal-note "^2.2.2"
    tonal-roman-numeral "^2.2.2"

tonal-note@^2.2.2:
  version "2.2.2"
  resolved "https://registry.yarnpkg.com/tonal-note/-/tonal-note-2.2.2.tgz#3aeeeeb0e227fd0da9fcbc8e811cf1109081da56"
  integrity sha512-RNK3Nb8PxBEW9yYGStcoczgE8bCYFZ5zfLvYJjvuzLWiwTQmqWOhTzONVobVCGFZ/jgDNwpBEKe/bngL3g3Xfw==

tonal-pcset@^2.2.2:
  version "2.2.2"
  resolved "https://registry.yarnpkg.com/tonal-pcset/-/tonal-pcset-2.2.2.tgz#8080a5998bd95ffc9c0419032e6c2b7f39df027d"
  integrity sha512-PSqhkxzckO6J27W0GxawHYln4wvfDJ7puDmccksyFOBo97UhLnpxiyvBekhiYpkuaMtoZLQC/KALAkEj7lcb+A==
  dependencies:
    tonal-array "^2.2.2"
    tonal-interval "^2.2.2"
    tonal-note "^2.2.2"

tonal-roman-numeral@^2.2.2:
  version "2.2.2"
  resolved "https://registry.yarnpkg.com/tonal-roman-numeral/-/tonal-roman-numeral-2.2.2.tgz#5f824eec1e5daa9f1c0f08a48b73e5a9cec9687e"
  integrity sha512-+auQNObpW3OvsSqlo+Cc+0otrlEhtbEgpzkPoKbTtkCva0P9oSkSz0OZ9fI73KQM5MsBs1XbB+olxppWkzYTFw==

tonal-scale@^2.2.2:
  version "2.2.2"
  resolved "https://registry.yarnpkg.com/tonal-scale/-/tonal-scale-2.2.2.tgz#b7c97f8f9881033debda268c1eba4355415e3153"
  integrity sha512-tDb3YCoTF50XOXq9kNhGB1JkInk7qAGN6GQnP/3xkGxkreFFRZyI58jfHlmWf/AH4+IKb/exsOmL6G8Ok/PCRw==
  dependencies:
    tonal-array "^2.2.2"
    tonal-dictionary "^2.2.2"
    tonal-distance "^2.2.2"
    tonal-note "^2.2.2"
    tonal-pcset "^2.2.2"
